
Microsoft Visual Studio Solution File, Format Version 12.00
# Visual Studio Version 16
VisualStudioVersion = 16.0.31229.75
MinimumVisualStudioVersion = 10.0.40219.1
Project("{FAE04EC0-301F-11D3-BF4B-00C04F79EFBC}") = "HelloConsoleApp", "HelloConsoleApp\HelloConsoleApp.csproj", "{3B21ABC0-F6B1-418B-BCB9-5EB974350D45}"
EndProject
Project("{FAE04EC0-301F-11D3-BF4B-00C04F79EFBC}") = "HelloConsoleBatch", "HelloConsoleBatch\HelloConsoleBatch.csproj", "{185534DD-5F25-45F7-B8EA-5C4C70325ADF}"
EndProject
Project("{FAE04EC0-301F-11D3-BF4B-00C04F79EFBC}") = "HelloConsoleAppBatch", "HelloConsoleAppBatch\HelloConsoleAppBatch.csproj", "{F0EFA833-C28F-41AC-A356-4647D2519711}"
EndProject
Project("{FAE04EC0-301F-11D3-BF4B-00C04F79EFBC}") = "HelloConsoleVBDialog", "HelloConsoleVBDialog\HelloConsoleVBDialog.csproj", "{07BDAD4A-EF88-4CE1-B8DE-AA607D1EA0B9}"
EndProject
Project("{FAE04EC0-301F-11D3-BF4B-00C04F79EFBC}") = "HelloWinFormsApp", "HelloWinFormsApp\HelloWinFormsApp.csproj", "{51C73565-5354-4180-B24E-6E4EACE90D6E}"
EndProject
Project("{FAE04EC0-301F-11D3-BF4B-00C04F79EFBC}") = "HelloWPFApp", "HelloWPFApp\HelloWPFApp.csproj", "{A127494E-018B-47B2-9676-FAF95899038E}"
EndProject
Project("{FAE04EC0-301F-11D3-BF4B-00C04F79EFBC}") = "HelloASPWebApp", "HelloASPWebApp\HelloASPWebApp.csproj", "{2216ED4C-E8C1-42FF-B3E3-5F9A0322C05A}"
EndProject
Global
	GlobalSection(SolutionConfigurationPlatforms) = preSolution
		Debug|Any CPU = Debug|Any CPU
		Release|Any CPU = Release|Any CPU
	EndGlobalSection
	GlobalSection(ProjectConfigurationPlatforms) = postSolution
		{3B21ABC0-F6B1-418B-BCB9-5EB974350D45}.Debug|Any CPU.ActiveCfg = Debug|Any CPU
		{3B21ABC0-F6B1-418B-BCB9-5EB974350D45}.Debug|Any CPU.Build.0 = Debug|Any CPU
		{3B21ABC0-F6B1-418B-BCB9-5EB974350D45}.Release|Any CPU.ActiveCfg = Release|Any CPU
		{3B21ABC0-F6B1-418B-BCB9-5EB974350D45}.Release|Any CPU.Build.0 = Release|Any CPU
		{185534DD-5F25-45F7-B8EA-5C4C70325ADF}.Debug|Any CPU.ActiveCfg = Debug|Any CPU
		{185534DD-5F25-45F7-B8EA-5C4C70325ADF}.Debug|Any CPU.Build.0 = Debug|Any CPU
		{185534DD-5F25-45F7-B8EA-5C4C70325ADF}.Release|Any CPU.ActiveCfg = Release|Any CPU
		{185534DD-5F25-45F7-B8EA-5C4C70325ADF}.Release|Any CPU.Build.0 = Release|Any CPU
		{F0EFA833-C28F-41AC-A356-4647D2519711}.Debug|Any CPU.ActiveCfg = Debug|Any CPU
		{F0EFA833-C28F-41AC-A356-4647D2519711}.Debug|Any CPU.Build.0 = Debug|Any CPU
		{F0EFA833-C28F-41AC-A356-4647D2519711}.Release|Any CPU.ActiveCfg = Release|Any CPU
		{F0EFA833-C28F-41AC-A356-4647D2519711}.Release|Any CPU.Build.0 = Release|Any CPU
		{07BDAD4A-EF88-4CE1-B8DE-AA607D1EA0B9}.Debug|Any CPU.ActiveCfg = Debug|Any CPU
		{07BDAD4A-EF88-4CE1-B8DE-AA607D1EA0B9}.Debug|Any CPU.Build.0 = Debug|Any CPU
		{07BDAD4A-EF88-4CE1-B8DE-AA607D1EA0B9}.Release|Any CPU.ActiveCfg = Release|Any CPU
		{07BDAD4A-EF88-4CE1-B8DE-AA607D1EA0B9}.Release|Any CPU.Build.0 = Release|Any CPU
		{51C73565-5354-4180-B24E-6E4EACE90D6E}.Debug|Any CPU.ActiveCfg = Debug|Any CPU
		{51C73565-5354-4180-B24E-6E4EACE90D6E}.Debug|Any CPU.Build.0 = Debug|Any CPU
		{51C73565-5354-4180-B24E-6E4EACE90D6E}.Release|Any CPU.ActiveCfg = Release|Any CPU
		{51C73565-5354-4180-B24E-6E4EACE90D6E}.Release|Any CPU.Build.0 = Release|Any CPU
		{A127494E-018B-47B2-9676-FAF95899038E}.Debug|Any CPU.ActiveCfg = Debug|Any CPU
		{A127494E-018B-47B2-9676-FAF95899038E}.Debug|Any CPU.Build.0 = Debug|Any CPU
		{A127494E-018B-47B2-9676-FAF95899038E}.Release|Any CPU.ActiveCfg = Release|Any CPU
		{A127494E-018B-47B2-9676-FAF95899038E}.Release|Any CPU.Build.0 = Release|Any CPU
		{2216ED4C-E8C1-42FF-B3E3-5F9A0322C05A}.Debug|Any CPU.ActiveCfg = Debug|Any CPU
		{2216ED4C-E8C1-42FF-B3E3-5F9A0322C05A}.Debug|Any CPU.Build.0 = Debug|Any CPU
		{2216ED4C-E8C1-42FF-B3E3-5F9A0322C05A}.Release|Any CPU.ActiveCfg = Release|Any CPU
		{2216ED4C-E8C1-42FF-B3E3-5F9A0322C05A}.Release|Any CPU.Build.0 = Release|Any CPU
	EndGlobalSection
	GlobalSection(SolutionProperties) = preSolution
		HideSolutionNode = FALSE
	EndGlobalSection
	GlobalSection(ExtensibilityGlobals) = postSolution
		SolutionGuid = {82982C51-65EE-4AA6-9EBF-E09F9AC56508}
	EndGlobalSection
EndGlobal
